{
  "name": "my-unique-binary-search",
  "version": "1.0.1",
  "lockfileVersion": 3,
  "requires": true,
  "packages": {
    "": {
      "name": "my-unique-binary-search",
      "version": "1.0.1",
      "license": "ISC",
      "dependencies": {
        "binary-search": "file:",
        "my-unique-binary-search": "file:"
      }
    },
    "binary-search": {
      "resolved": "",
      "link": true
    },
    "node_modules/binary-search": {
      "resolved": "",
      "link": true
    },
    "node_modules/my-unique-binary-search": {
      "resolved": "",
      "link": true
    }
  }
}
